
Microsoft Visual Studio Solution File, Format Version 12.00
# Visual Studio Version 17
VisualStudioVersion = 17.6.33829.357
MinimumVisualStudioVersion = 10.0.40219.1
Project("{FAE04EC0-301F-11D3-BF4B-00C04F79EFBC}") = "OOPs", "OOPs.csproj", "{2B87225F-85DF-4FF8-96CC-D8B5A70B8514}"
EndProject
Global
	GlobalSection(SolutionConfigurationPlatforms) = preSolution
		Debug|Any CPU = Debug|Any CPU
		Release|Any CPU = Release|Any CPU
	EndGlobalSection
	GlobalSection(ProjectConfigurationPlatforms) = postSolution
		{2B87225F-85DF-4FF8-96CC-D8B5A70B8514}.Debug|Any CPU.ActiveCfg = Debug|Any CPU
		{2B87225F-85DF-4FF8-96CC-D8B5A70B8514}.Debug|Any CPU.Build.0 = Debug|Any CPU
		{2B87225F-85DF-4FF8-96CC-D8B5A70B8514}.Release|Any CPU.ActiveCfg = Release|Any CPU
		{2B87225F-85DF-4FF8-96CC-D8B5A70B8514}.Release|Any CPU.Build.0 = Release|Any CPU
	EndGlobalSection
	GlobalSection(SolutionProperties) = preSolution
		HideSolutionNode = FALSE
	EndGlobalSection
	GlobalSection(ExtensibilityGlobals) = postSolution
		SolutionGuid = {9ED45E88-23A2-4974-8D98-B8575FDFA0EB}
	EndGlobalSection
EndGlobal
